
Microsoft Visual Studio Solution File, Format Version 12.00
# Visual Studio Version 17
VisualStudioVersion = 17.11.35303.130
MinimumVisualStudioVersion = 10.0.40219.1
Project("{2150E333-8FDC-42A3-9474-1A3956D46DE8}") = "src", "src", "{DC3C5CAD-E6AF-4FA8-9ABF-934074AFC663}"
EndProject
Project("{2150E333-8FDC-42A3-9474-1A3956D46DE8}") = "test", "test", "{BBBC8936-F9E1-40E9-8523-9AD7EED28D15}"
EndProject
Project("{2150E333-8FDC-42A3-9474-1A3956D46DE8}") = "APIs", "APIs", "{9BC63333-B070-47A2-ABAB-66DA1297857D}"
EndProject
Project("{2150E333-8FDC-42A3-9474-1A3956D46DE8}") = "Core", "Core", "{4BB2BB51-88C8-49FB-979B-7BFB812DA832}"
EndProject
Project("{2150E333-8FDC-42A3-9474-1A3956D46DE8}") = "Infrastructure", "Infrastructure", "{2B88F218-617E-430D-AA60-DAE78CD1C280}"
EndProject
Project("{2150E333-8FDC-42A3-9474-1A3956D46DE8}") = "UI", "UI", "{5B64A1C0-C68B-4B70-99DE-A14148D5374A}"
EndProject
Project("{2150E333-8FDC-42A3-9474-1A3956D46DE8}") = "Client", "Client", "{C2D23F0D-15D2-4B28-8F78-033F3E350271}"
EndProject
Project("{2150E333-8FDC-42A3-9474-1A3956D46DE8}") = "Dashboard", "Dashboard", "{CC836B24-2EDC-4856-B2B3-3D091C953697}"
EndProject
Project("{9A19103F-16F7-4668-BE54-9A1E7A4F7556}") = "LinkDev.Talabat.APIs", "LinkDev.Talabat.APIs\LinkDev.Talabat.APIs.csproj", "{A02EA3D6-16C9-494C-9130-8AF7EEC416B8}"
EndProject
Project("{FAE04EC0-301F-11D3-BF4B-00C04F79EFBC}") = "LinkDev.Talabat.Core.Domain", "LinkDev.Talabat.Core.Domain\LinkDev.Talabat.Core.Domain.csproj", "{6B945EF1-3366-4DE6-BB6A-38DE05A55D6C}"
EndProject
Project("{FAE04EC0-301F-11D3-BF4B-00C04F79EFBC}") = "LinkDev.Talabat.Core.Application", "LinkDev.Talabat.Core.Application\LinkDev.Talabat.Core.Application.csproj", "{43C61A63-44E2-4CC1-A4BF-897B0C1FE118}"
EndProject
Project("{FAE04EC0-301F-11D3-BF4B-00C04F79EFBC}") = "LinkDev.Talabat.Core.Application.Abstraction", "LinkDev.Talabat.Core.Application.Abstraction\LinkDev.Talabat.Core.Application.Abstraction.csproj", "{AA5F662C-1B60-4B49-98BB-9684D98BFC37}"
EndProject
Project("{FAE04EC0-301F-11D3-BF4B-00C04F79EFBC}") = "LinkDev.Talabat.Infrastructure", "LinkDev.Talabat.Infrastructure\LinkDev.Talabat.Infrastructure.csproj", "{A4B8884F-5E7F-46EA-A07A-70281D520B80}"
EndProject
Project("{FAE04EC0-301F-11D3-BF4B-00C04F79EFBC}") = "LinkDev.Talabat.Infrastructure.Presistance", "LinkDev.Talabat.Infrastructure.Presistance\LinkDev.Talabat.Infrastructure.Presistance.csproj", "{F6B93656-C9B5-4E24-9A4A-02E14BEEF5CA}"
EndProject
Project("{54A90642-561A-4BB1-A94E-469ADEE60C69}") = "LinkDev.Talabat.Client", "LinkDev.Talabat.Client\LinkDev.Talabat.Client.esproj", "{EE937BB6-6D43-433F-9981-9CE3B3F5ED08}"
EndProject
Project("{FAE04EC0-301F-11D3-BF4B-00C04F79EFBC}") = "LinkDev.Talabat.Dashboard", "LinkDev.Talabat.Dashboard\LinkDev.Talabat.Dashboard.csproj", "{BD6D8581-1EFB-4DBD-A39B-33C2333F0F7E}"
EndProject
Global
	GlobalSection(SolutionConfigurationPlatforms) = preSolution
		Debug|Any CPU = Debug|Any CPU
		Release|Any CPU = Release|Any CPU
	EndGlobalSection
	GlobalSection(ProjectConfigurationPlatforms) = postSolution
		{A02EA3D6-16C9-494C-9130-8AF7EEC416B8}.Debug|Any CPU.ActiveCfg = Debug|Any CPU
		{A02EA3D6-16C9-494C-9130-8AF7EEC416B8}.Debug|Any CPU.Build.0 = Debug|Any CPU
		{A02EA3D6-16C9-494C-9130-8AF7EEC416B8}.Release|Any CPU.ActiveCfg = Release|Any CPU
		{A02EA3D6-16C9-494C-9130-8AF7EEC416B8}.Release|Any CPU.Build.0 = Release|Any CPU
		{6B945EF1-3366-4DE6-BB6A-38DE05A55D6C}.Debug|Any CPU.ActiveCfg = Debug|Any CPU
		{6B945EF1-3366-4DE6-BB6A-38DE05A55D6C}.Debug|Any CPU.Build.0 = Debug|Any CPU
		{6B945EF1-3366-4DE6-BB6A-38DE05A55D6C}.Release|Any CPU.ActiveCfg = Release|Any CPU
		{6B945EF1-3366-4DE6-BB6A-38DE05A55D6C}.Release|Any CPU.Build.0 = Release|Any CPU
		{43C61A63-44E2-4CC1-A4BF-897B0C1FE118}.Debug|Any CPU.ActiveCfg = Debug|Any CPU
		{43C61A63-44E2-4CC1-A4BF-897B0C1FE118}.Debug|Any CPU.Build.0 = Debug|Any CPU
		{43C61A63-44E2-4CC1-A4BF-897B0C1FE118}.Release|Any CPU.ActiveCfg = Release|Any CPU
		{43C61A63-44E2-4CC1-A4BF-897B0C1FE118}.Release|Any CPU.Build.0 = Release|Any CPU
		{AA5F662C-1B60-4B49-98BB-9684D98BFC37}.Debug|Any CPU.ActiveCfg = Debug|Any CPU
		{AA5F662C-1B60-4B49-98BB-9684D98BFC37}.Debug|Any CPU.Build.0 = Debug|Any CPU
		{AA5F662C-1B60-4B49-98BB-9684D98BFC37}.Release|Any CPU.ActiveCfg = Release|Any CPU
		{AA5F662C-1B60-4B49-98BB-9684D98BFC37}.Release|Any CPU.Build.0 = Release|Any CPU
		{A4B8884F-5E7F-46EA-A07A-70281D520B80}.Debug|Any CPU.ActiveCfg = Debug|Any CPU
		{A4B8884F-5E7F-46EA-A07A-70281D520B80}.Debug|Any CPU.Build.0 = Debug|Any CPU
		{A4B8884F-5E7F-46EA-A07A-70281D520B80}.Release|Any CPU.ActiveCfg = Release|Any CPU
		{A4B8884F-5E7F-46EA-A07A-70281D520B80}.Release|Any CPU.Build.0 = Release|Any CPU
		{F6B93656-C9B5-4E24-9A4A-02E14BEEF5CA}.Debug|Any CPU.ActiveCfg = Debug|Any CPU
		{F6B93656-C9B5-4E24-9A4A-02E14BEEF5CA}.Debug|Any CPU.Build.0 = Debug|Any CPU
		{F6B93656-C9B5-4E24-9A4A-02E14BEEF5CA}.Release|Any CPU.ActiveCfg = Release|Any CPU
		{F6B93656-C9B5-4E24-9A4A-02E14BEEF5CA}.Release|Any CPU.Build.0 = Release|Any CPU
		{EE937BB6-6D43-433F-9981-9CE3B3F5ED08}.Debug|Any CPU.ActiveCfg = Debug|Any CPU
		{EE937BB6-6D43-433F-9981-9CE3B3F5ED08}.Debug|Any CPU.Build.0 = Debug|Any CPU
		{EE937BB6-6D43-433F-9981-9CE3B3F5ED08}.Debug|Any CPU.Deploy.0 = Debug|Any CPU
		{EE937BB6-6D43-433F-9981-9CE3B3F5ED08}.Release|Any CPU.ActiveCfg = Release|Any CPU
		{EE937BB6-6D43-433F-9981-9CE3B3F5ED08}.Release|Any CPU.Build.0 = Release|Any CPU
		{EE937BB6-6D43-433F-9981-9CE3B3F5ED08}.Release|Any CPU.Deploy.0 = Release|Any CPU
		{BD6D8581-1EFB-4DBD-A39B-33C2333F0F7E}.Debug|Any CPU.ActiveCfg = Debug|Any CPU
		{BD6D8581-1EFB-4DBD-A39B-33C2333F0F7E}.Debug|Any CPU.Build.0 = Debug|Any CPU
		{BD6D8581-1EFB-4DBD-A39B-33C2333F0F7E}.Release|Any CPU.ActiveCfg = Release|Any CPU
		{BD6D8581-1EFB-4DBD-A39B-33C2333F0F7E}.Release|Any CPU.Build.0 = Release|Any CPU
	EndGlobalSection
	GlobalSection(SolutionProperties) = preSolution
		HideSolutionNode = FALSE
	EndGlobalSection
	GlobalSection(NestedProjects) = preSolution
		{9BC63333-B070-47A2-ABAB-66DA1297857D} = {DC3C5CAD-E6AF-4FA8-9ABF-934074AFC663}
		{4BB2BB51-88C8-49FB-979B-7BFB812DA832} = {DC3C5CAD-E6AF-4FA8-9ABF-934074AFC663}
		{2B88F218-617E-430D-AA60-DAE78CD1C280} = {DC3C5CAD-E6AF-4FA8-9ABF-934074AFC663}
		{5B64A1C0-C68B-4B70-99DE-A14148D5374A} = {DC3C5CAD-E6AF-4FA8-9ABF-934074AFC663}
		{C2D23F0D-15D2-4B28-8F78-033F3E350271} = {5B64A1C0-C68B-4B70-99DE-A14148D5374A}
		{CC836B24-2EDC-4856-B2B3-3D091C953697} = {5B64A1C0-C68B-4B70-99DE-A14148D5374A}
		{A02EA3D6-16C9-494C-9130-8AF7EEC416B8} = {9BC63333-B070-47A2-ABAB-66DA1297857D}
		{6B945EF1-3366-4DE6-BB6A-38DE05A55D6C} = {4BB2BB51-88C8-49FB-979B-7BFB812DA832}
		{43C61A63-44E2-4CC1-A4BF-897B0C1FE118} = {4BB2BB51-88C8-49FB-979B-7BFB812DA832}
		{AA5F662C-1B60-4B49-98BB-9684D98BFC37} = {4BB2BB51-88C8-49FB-979B-7BFB812DA832}
		{A4B8884F-5E7F-46EA-A07A-70281D520B80} = {2B88F218-617E-430D-AA60-DAE78CD1C280}
		{F6B93656-C9B5-4E24-9A4A-02E14BEEF5CA} = {2B88F218-617E-430D-AA60-DAE78CD1C280}
		{EE937BB6-6D43-433F-9981-9CE3B3F5ED08} = {C2D23F0D-15D2-4B28-8F78-033F3E350271}
		{BD6D8581-1EFB-4DBD-A39B-33C2333F0F7E} = {CC836B24-2EDC-4856-B2B3-3D091C953697}
	EndGlobalSection
	GlobalSection(ExtensibilityGlobals) = postSolution
		SolutionGuid = {76F6713F-0059-42DF-A760-39730567347A}
	EndGlobalSection
EndGlobal
